
Microsoft Visual Studio Solution File, Format Version 12.00
# Visual Studio Version 17
VisualStudioVersion = 17.14.36202.13
MinimumVisualStudioVersion = 10.0.40219.1
Project("{FAE04EC0-301F-11D3-BF4B-00C04F79EFBC}") = "MovieTicketBookingAPIDashboard", "MovieTicketBookingAPIDashboard.csproj", "{023F4027-FE81-4AA5-B153-AD0CF14469FE}"
EndProject
Project("{FAE04EC0-301F-11D3-BF4B-00C04F79EFBC}") = "APIDashboard.Application", "..\APIDashboard.Application\APIDashboard.Application.csproj", "{09F457A9-0B9D-491C-B99F-8187B10B1CE6}"
EndProject
Project("{FAE04EC0-301F-11D3-BF4B-00C04F79EFBC}") = "APIDashboard.Domain", "..\APIDashboard.Domain\APIDashboard.Domain.csproj", "{63A64CE3-A7D3-45D8-85AE-71C09270C2A2}"
EndProject
Project("{FAE04EC0-301F-11D3-BF4B-00C04F79EFBC}") = "APIDashboard.Infrastructure", "..\APIDashboard.Infrastructure\APIDashboard.Infrastructure.csproj", "{74431FD9-B9B1-4E7B-8ECB-2C44F40E3B35}"
EndProject
Project("{FAE04EC0-301F-11D3-BF4B-00C04F79EFBC}") = "MovieTicketBookingAPI_XunitTests", "..\MovieTicketBookingAPI_XunitTests\MovieTicketBookingAPI_XunitTests.csproj", "{8F0A4ABF-868C-4A97-923E-0CB8F497E769}"
EndProject
Global
	GlobalSection(SolutionConfigurationPlatforms) = preSolution
		Debug|Any CPU = Debug|Any CPU
		Release|Any CPU = Release|Any CPU
	EndGlobalSection
	GlobalSection(ProjectConfigurationPlatforms) = postSolution
		{023F4027-FE81-4AA5-B153-AD0CF14469FE}.Debug|Any CPU.ActiveCfg = Debug|Any CPU
		{023F4027-FE81-4AA5-B153-AD0CF14469FE}.Debug|Any CPU.Build.0 = Debug|Any CPU
		{023F4027-FE81-4AA5-B153-AD0CF14469FE}.Release|Any CPU.ActiveCfg = Release|Any CPU
		{023F4027-FE81-4AA5-B153-AD0CF14469FE}.Release|Any CPU.Build.0 = Release|Any CPU
		{09F457A9-0B9D-491C-B99F-8187B10B1CE6}.Debug|Any CPU.ActiveCfg = Debug|Any CPU
		{09F457A9-0B9D-491C-B99F-8187B10B1CE6}.Debug|Any CPU.Build.0 = Debug|Any CPU
		{09F457A9-0B9D-491C-B99F-8187B10B1CE6}.Release|Any CPU.ActiveCfg = Release|Any CPU
		{09F457A9-0B9D-491C-B99F-8187B10B1CE6}.Release|Any CPU.Build.0 = Release|Any CPU
		{63A64CE3-A7D3-45D8-85AE-71C09270C2A2}.Debug|Any CPU.ActiveCfg = Debug|Any CPU
		{63A64CE3-A7D3-45D8-85AE-71C09270C2A2}.Debug|Any CPU.Build.0 = Debug|Any CPU
		{63A64CE3-A7D3-45D8-85AE-71C09270C2A2}.Release|Any CPU.ActiveCfg = Release|Any CPU
		{63A64CE3-A7D3-45D8-85AE-71C09270C2A2}.Release|Any CPU.Build.0 = Release|Any CPU
		{74431FD9-B9B1-4E7B-8ECB-2C44F40E3B35}.Debug|Any CPU.ActiveCfg = Debug|Any CPU
		{74431FD9-B9B1-4E7B-8ECB-2C44F40E3B35}.Debug|Any CPU.Build.0 = Debug|Any CPU
		{74431FD9-B9B1-4E7B-8ECB-2C44F40E3B35}.Release|Any CPU.ActiveCfg = Release|Any CPU
		{74431FD9-B9B1-4E7B-8ECB-2C44F40E3B35}.Release|Any CPU.Build.0 = Release|Any CPU
		{8F0A4ABF-868C-4A97-923E-0CB8F497E769}.Debug|Any CPU.ActiveCfg = Debug|Any CPU
		{8F0A4ABF-868C-4A97-923E-0CB8F497E769}.Debug|Any CPU.Build.0 = Debug|Any CPU
		{8F0A4ABF-868C-4A97-923E-0CB8F497E769}.Release|Any CPU.ActiveCfg = Release|Any CPU
		{8F0A4ABF-868C-4A97-923E-0CB8F497E769}.Release|Any CPU.Build.0 = Release|Any CPU
	EndGlobalSection
	GlobalSection(SolutionProperties) = preSolution
		HideSolutionNode = FALSE
	EndGlobalSection
	GlobalSection(ExtensibilityGlobals) = postSolution
		SolutionGuid = {52688B1A-AAAE-4126-9732-2200FEFE4B94}
	EndGlobalSection
EndGlobal
